
Microsoft Visual Studio Solution File, Format Version 12.00
# Visual Studio 14
VisualStudioVersion = 14.0.23107.0
MinimumVisualStudioVersion = 10.0.40219.1
Project("{FAE04EC0-301F-11D3-BF4B-00C04F79EFBC}") = "ViewProjectionSample.Core", "ViewProjectionSample.Core\ViewProjectionSample.Core.csproj", "{33D4DF78-2CBF-4E39-8E8F-E83A11870E77}"
EndProject
Project("{FAE04EC0-301F-11D3-BF4B-00C04F79EFBC}") = "ViewProjectionSample.iOS", "ViewProjectionSample.iOS\ViewProjectionSample.iOS.csproj", "{E7B9387C-AC21-4559-B737-C63F933905FD}"
EndProject
Project("{FAE04EC0-301F-11D3-BF4B-00C04F79EFBC}") = "ViewProjectionSample.WebApi", "ViewProjectionSample.WebApi\ViewProjectionSample.WebApi.csproj", "{9D4868DE-489F-475D-ACB0-F26BEED2288E}"
EndProject
Project("{FAE04EC0-301F-11D3-BF4B-00C04F79EFBC}") = "ViewProjectionSample.DomainModels", "ViewProjectionSample.DomainModels\ViewProjectionSample.DomainModels.csproj", "{80C10026-4C78-42F0-BD99-E0DCBECCBDD3}"
EndProject
Project("{FAE04EC0-301F-11D3-BF4B-00C04F79EFBC}") = "ViewProjectionSample.Android.Material", "ViewProjectionSample.Android.Material\ViewProjectionSample.Android.Material.csproj", "{E10CDE69-820C-4C8E-B2F9-28E289657041}"
EndProject
Global
	GlobalSection(SolutionConfigurationPlatforms) = preSolution
		Ad-Hoc|Any CPU = Ad-Hoc|Any CPU
		Ad-Hoc|ARM = Ad-Hoc|ARM
		Ad-Hoc|iPhone = Ad-Hoc|iPhone
		Ad-Hoc|iPhoneSimulator = Ad-Hoc|iPhoneSimulator
		Ad-Hoc|Mixed Platforms = Ad-Hoc|Mixed Platforms
		Ad-Hoc|x64 = Ad-Hoc|x64
		Ad-Hoc|x86 = Ad-Hoc|x86
		AppStore|Any CPU = AppStore|Any CPU
		AppStore|ARM = AppStore|ARM
		AppStore|iPhone = AppStore|iPhone
		AppStore|iPhoneSimulator = AppStore|iPhoneSimulator
		AppStore|Mixed Platforms = AppStore|Mixed Platforms
		AppStore|x64 = AppStore|x64
		AppStore|x86 = AppStore|x86
		Debug|Any CPU = Debug|Any CPU
		Debug|ARM = Debug|ARM
		Debug|iPhone = Debug|iPhone
		Debug|iPhoneSimulator = Debug|iPhoneSimulator
		Debug|Mixed Platforms = Debug|Mixed Platforms
		Debug|x64 = Debug|x64
		Debug|x86 = Debug|x86
		DebugInternal|Any CPU = DebugInternal|Any CPU
		DebugInternal|ARM = DebugInternal|ARM
		DebugInternal|iPhone = DebugInternal|iPhone
		DebugInternal|iPhoneSimulator = DebugInternal|iPhoneSimulator
		DebugInternal|Mixed Platforms = DebugInternal|Mixed Platforms
		DebugInternal|x64 = DebugInternal|x64
		DebugInternal|x86 = DebugInternal|x86
		InternalDebug|Any CPU = InternalDebug|Any CPU
		InternalDebug|ARM = InternalDebug|ARM
		InternalDebug|iPhone = InternalDebug|iPhone
		InternalDebug|iPhoneSimulator = InternalDebug|iPhoneSimulator
		InternalDebug|Mixed Platforms = InternalDebug|Mixed Platforms
		InternalDebug|x64 = InternalDebug|x64
		InternalDebug|x86 = InternalDebug|x86
		InternalRelease|Any CPU = InternalRelease|Any CPU
		InternalRelease|ARM = InternalRelease|ARM
		InternalRelease|iPhone = InternalRelease|iPhone
		InternalRelease|iPhoneSimulator = InternalRelease|iPhoneSimulator
		InternalRelease|Mixed Platforms = InternalRelease|Mixed Platforms
		InternalRelease|x64 = InternalRelease|x64
		InternalRelease|x86 = InternalRelease|x86
		Release|Any CPU = Release|Any CPU
		Release|ARM = Release|ARM
		Release|iPhone = Release|iPhone
		Release|iPhoneSimulator = Release|iPhoneSimulator
		Release|Mixed Platforms = Release|Mixed Platforms
		Release|x64 = Release|x64
		Release|x86 = Release|x86
	EndGlobalSection
	GlobalSection(ProjectConfigurationPlatforms) = postSolution
		{33D4DF78-2CBF-4E39-8E8F-E83A11870E77}.Ad-Hoc|Any CPU.ActiveCfg = Release|Any CPU
		{33D4DF78-2CBF-4E39-8E8F-E83A11870E77}.Ad-Hoc|Any CPU.Build.0 = Release|Any CPU
		{33D4DF78-2CBF-4E39-8E8F-E83A11870E77}.Ad-Hoc|ARM.ActiveCfg = Release|Any CPU
		{33D4DF78-2CBF-4E39-8E8F-E83A11870E77}.Ad-Hoc|ARM.Build.0 = Release|Any CPU
		{33D4DF78-2CBF-4E39-8E8F-E83A11870E77}.Ad-Hoc|iPhone.ActiveCfg = Release|Any CPU
		{33D4DF78-2CBF-4E39-8E8F-E83A11870E77}.Ad-Hoc|iPhone.Build.0 = Release|Any CPU
		{33D4DF78-2CBF-4E39-8E8F-E83A11870E77}.Ad-Hoc|iPhoneSimulator.ActiveCfg = Release|Any CPU
		{33D4DF78-2CBF-4E39-8E8F-E83A11870E77}.Ad-Hoc|iPhoneSimulator.Build.0 = Release|Any CPU
		{33D4DF78-2CBF-4E39-8E8F-E83A11870E77}.Ad-Hoc|Mixed Platforms.ActiveCfg = Release|Any CPU
		{33D4DF78-2CBF-4E39-8E8F-E83A11870E77}.Ad-Hoc|Mixed Platforms.Build.0 = Release|Any CPU
		{33D4DF78-2CBF-4E39-8E8F-E83A11870E77}.Ad-Hoc|x64.ActiveCfg = Release|Any CPU
		{33D4DF78-2CBF-4E39-8E8F-E83A11870E77}.Ad-Hoc|x64.Build.0 = Release|Any CPU
		{33D4DF78-2CBF-4E39-8E8F-E83A11870E77}.Ad-Hoc|x86.ActiveCfg = Release|Any CPU
		{33D4DF78-2CBF-4E39-8E8F-E83A11870E77}.Ad-Hoc|x86.Build.0 = Release|Any CPU
		{33D4DF78-2CBF-4E39-8E8F-E83A11870E77}.AppStore|Any CPU.ActiveCfg = Release|Any CPU
		{33D4DF78-2CBF-4E39-8E8F-E83A11870E77}.AppStore|Any CPU.Build.0 = Release|Any CPU
		{33D4DF78-2CBF-4E39-8E8F-E83A11870E77}.AppStore|ARM.ActiveCfg = Release|Any CPU
		{33D4DF78-2CBF-4E39-8E8F-E83A11870E77}.AppStore|ARM.Build.0 = Release|Any CPU
		{33D4DF78-2CBF-4E39-8E8F-E83A11870E77}.AppStore|iPhone.ActiveCfg = Release|Any CPU
		{33D4DF78-2CBF-4E39-8E8F-E83A11870E77}.AppStore|iPhone.Build.0 = Release|Any CPU
		{33D4DF78-2CBF-4E39-8E8F-E83A11870E77}.AppStore|iPhoneSimulator.ActiveCfg = Release|Any CPU
		{33D4DF78-2CBF-4E39-8E8F-E83A11870E77}.AppStore|iPhoneSimulator.Build.0 = Release|Any CPU
		{33D4DF78-2CBF-4E39-8E8F-E83A11870E77}.AppStore|Mixed Platforms.ActiveCfg = Release|Any CPU
		{33D4DF78-2CBF-4E39-8E8F-E83A11870E77}.AppStore|Mixed Platforms.Build.0 = Release|Any CPU
		{33D4DF78-2CBF-4E39-8E8F-E83A11870E77}.AppStore|x64.ActiveCfg = Release|Any CPU
		{33D4DF78-2CBF-4E39-8E8F-E83A11870E77}.AppStore|x64.Build.0 = Release|Any CPU
		{33D4DF78-2CBF-4E39-8E8F-E83A11870E77}.AppStore|x86.ActiveCfg = Release|Any CPU
		{33D4DF78-2CBF-4E39-8E8F-E83A11870E77}.AppStore|x86.Build.0 = Release|Any CPU
		{33D4DF78-2CBF-4E39-8E8F-E83A11870E77}.Debug|Any CPU.ActiveCfg = Debug|Any CPU
		{33D4DF78-2CBF-4E39-8E8F-E83A11870E77}.Debug|Any CPU.Build.0 = Debug|Any CPU
		{33D4DF78-2CBF-4E39-8E8F-E83A11870E77}.Debug|ARM.ActiveCfg = Debug|Any CPU
		{33D4DF78-2CBF-4E39-8E8F-E83A11870E77}.Debug|ARM.Build.0 = Debug|Any CPU
		{33D4DF78-2CBF-4E39-8E8F-E83A11870E77}.Debug|iPhone.ActiveCfg = Debug|Any CPU
		{33D4DF78-2CBF-4E39-8E8F-E83A11870E77}.Debug|iPhone.Build.0 = Debug|Any CPU
		{33D4DF78-2CBF-4E39-8E8F-E83A11870E77}.Debug|iPhoneSimulator.ActiveCfg = Debug|Any CPU
		{33D4DF78-2CBF-4E39-8E8F-E83A11870E77}.Debug|iPhoneSimulator.Build.0 = Debug|Any CPU
		{33D4DF78-2CBF-4E39-8E8F-E83A11870E77}.Debug|Mixed Platforms.ActiveCfg = Debug|Any CPU
		{33D4DF78-2CBF-4E39-8E8F-E83A11870E77}.Debug|Mixed Platforms.Build.0 = Debug|Any CPU
		{33D4DF78-2CBF-4E39-8E8F-E83A11870E77}.Debug|x64.ActiveCfg = Debug|Any CPU
		{33D4DF78-2CBF-4E39-8E8F-E83A11870E77}.Debug|x64.Build.0 = Debug|Any CPU
		{33D4DF78-2CBF-4E39-8E8F-E83A11870E77}.Debug|x86.ActiveCfg = Debug|Any CPU
		{33D4DF78-2CBF-4E39-8E8F-E83A11870E77}.Debug|x86.Build.0 = Debug|Any CPU
		{33D4DF78-2CBF-4E39-8E8F-E83A11870E77}.DebugInternal|Any CPU.ActiveCfg = Debug_Mono|Any CPU
		{33D4DF78-2CBF-4E39-8E8F-E83A11870E77}.DebugInternal|Any CPU.Build.0 = Debug_Mono|Any CPU
		{33D4DF78-2CBF-4E39-8E8F-E83A11870E77}.DebugInternal|ARM.ActiveCfg = Debug_Mono|Any CPU
		{33D4DF78-2CBF-4E39-8E8F-E83A11870E77}.DebugInternal|iPhone.ActiveCfg = Debug_Mono|Any CPU
		{33D4DF78-2CBF-4E39-8E8F-E83A11870E77}.DebugInternal|iPhoneSimulator.ActiveCfg = Debug_Mono|Any CPU
		{33D4DF78-2CBF-4E39-8E8F-E83A11870E77}.DebugInternal|Mixed Platforms.ActiveCfg = Debug_Mono|Any CPU
		{33D4DF78-2CBF-4E39-8E8F-E83A11870E77}.DebugInternal|Mixed Platforms.Build.0 = Debug_Mono|Any CPU
		{33D4DF78-2CBF-4E39-8E8F-E83A11870E77}.DebugInternal|x64.ActiveCfg = Debug_Mono|Any CPU
		{33D4DF78-2CBF-4E39-8E8F-E83A11870E77}.DebugInternal|x86.ActiveCfg = Debug_Mono|Any CPU
		{33D4DF78-2CBF-4E39-8E8F-E83A11870E77}.InternalDebug|Any CPU.ActiveCfg = Debug|Any CPU
		{33D4DF78-2CBF-4E39-8E8F-E83A11870E77}.InternalDebug|Any CPU.Build.0 = Debug|Any CPU
		{33D4DF78-2CBF-4E39-8E8F-E83A11870E77}.InternalDebug|ARM.ActiveCfg = Debug|Any CPU
		{33D4DF78-2CBF-4E39-8E8F-E83A11870E77}.InternalDebug|iPhone.ActiveCfg = Debug|Any CPU
		{33D4DF78-2CBF-4E39-8E8F-E83A11870E77}.InternalDebug|iPhoneSimulator.ActiveCfg = Debug|Any CPU
		{33D4DF78-2CBF-4E39-8E8F-E83A11870E77}.InternalDebug|Mixed Platforms.ActiveCfg = Debug|Any CPU
		{33D4DF78-2CBF-4E39-8E8F-E83A11870E77}.InternalDebug|Mixed Platforms.Build.0 = Debug|Any CPU
		{33D4DF78-2CBF-4E39-8E8F-E83A11870E77}.InternalDebug|x64.ActiveCfg = Debug|Any CPU
		{33D4DF78-2CBF-4E39-8E8F-E83A11870E77}.InternalDebug|x86.ActiveCfg = Debug|Any CPU
		{33D4DF78-2CBF-4E39-8E8F-E83A11870E77}.InternalRelease|Any CPU.ActiveCfg = Release|Any CPU
		{33D4DF78-2CBF-4E39-8E8F-E83A11870E77}.InternalRelease|Any CPU.Build.0 = Release|Any CPU
		{33D4DF78-2CBF-4E39-8E8F-E83A11870E77}.InternalRelease|ARM.ActiveCfg = Release|Any CPU
		{33D4DF78-2CBF-4E39-8E8F-E83A11870E77}.InternalRelease|iPhone.ActiveCfg = Release|Any CPU
		{33D4DF78-2CBF-4E39-8E8F-E83A11870E77}.InternalRelease|iPhoneSimulator.ActiveCfg = Release|Any CPU
		{33D4DF78-2CBF-4E39-8E8F-E83A11870E77}.InternalRelease|Mixed Platforms.ActiveCfg = Release|Any CPU
		{33D4DF78-2CBF-4E39-8E8F-E83A11870E77}.InternalRelease|Mixed Platforms.Build.0 = Release|Any CPU
		{33D4DF78-2CBF-4E39-8E8F-E83A11870E77}.InternalRelease|x64.ActiveCfg = Release|Any CPU
		{33D4DF78-2CBF-4E39-8E8F-E83A11870E77}.InternalRelease|x86.ActiveCfg = Release|Any CPU
		{33D4DF78-2CBF-4E39-8E8F-E83A11870E77}.Release|Any CPU.ActiveCfg = Release|Any CPU
		{33D4DF78-2CBF-4E39-8E8F-E83A11870E77}.Release|Any CPU.Build.0 = Release|Any CPU
		{33D4DF78-2CBF-4E39-8E8F-E83A11870E77}.Release|ARM.ActiveCfg = Release|Any CPU
		{33D4DF78-2CBF-4E39-8E8F-E83A11870E77}.Release|ARM.Build.0 = Release|Any CPU
		{33D4DF78-2CBF-4E39-8E8F-E83A11870E77}.Release|iPhone.ActiveCfg = Release|Any CPU
		{33D4DF78-2CBF-4E39-8E8F-E83A11870E77}.Release|iPhone.Build.0 = Release|Any CPU
		{33D4DF78-2CBF-4E39-8E8F-E83A11870E77}.Release|iPhoneSimulator.ActiveCfg = Release|Any CPU
		{33D4DF78-2CBF-4E39-8E8F-E83A11870E77}.Release|iPhoneSimulator.Build.0 = Release|Any CPU
		{33D4DF78-2CBF-4E39-8E8F-E83A11870E77}.Release|Mixed Platforms.ActiveCfg = Release|Any CPU
		{33D4DF78-2CBF-4E39-8E8F-E83A11870E77}.Release|Mixed Platforms.Build.0 = Release|Any CPU
		{33D4DF78-2CBF-4E39-8E8F-E83A11870E77}.Release|x64.ActiveCfg = Release|Any CPU
		{33D4DF78-2CBF-4E39-8E8F-E83A11870E77}.Release|x64.Build.0 = Release|Any CPU
		{33D4DF78-2CBF-4E39-8E8F-E83A11870E77}.Release|x86.ActiveCfg = Release|Any CPU
		{33D4DF78-2CBF-4E39-8E8F-E83A11870E77}.Release|x86.Build.0 = Release|Any CPU
		{E7B9387C-AC21-4559-B737-C63F933905FD}.Ad-Hoc|Any CPU.ActiveCfg = Ad-Hoc|iPhone
		{E7B9387C-AC21-4559-B737-C63F933905FD}.Ad-Hoc|ARM.ActiveCfg = Ad-Hoc|iPhone
		{E7B9387C-AC21-4559-B737-C63F933905FD}.Ad-Hoc|iPhone.ActiveCfg = Ad-Hoc|iPhone
		{E7B9387C-AC21-4559-B737-C63F933905FD}.Ad-Hoc|iPhone.Build.0 = Ad-Hoc|iPhone
		{E7B9387C-AC21-4559-B737-C63F933905FD}.Ad-Hoc|iPhoneSimulator.ActiveCfg = Ad-Hoc|iPhone
		{E7B9387C-AC21-4559-B737-C63F933905FD}.Ad-Hoc|Mixed Platforms.ActiveCfg = Ad-Hoc|iPhoneSimulator
		{E7B9387C-AC21-4559-B737-C63F933905FD}.Ad-Hoc|Mixed Platforms.Build.0 = Ad-Hoc|iPhoneSimulator
		{E7B9387C-AC21-4559-B737-C63F933905FD}.Ad-Hoc|x64.ActiveCfg = Ad-Hoc|iPhone
		{E7B9387C-AC21-4559-B737-C63F933905FD}.Ad-Hoc|x86.ActiveCfg = Ad-Hoc|iPhone
		{E7B9387C-AC21-4559-B737-C63F933905FD}.AppStore|Any CPU.ActiveCfg = AppStore|iPhone
		{E7B9387C-AC21-4559-B737-C63F933905FD}.AppStore|ARM.ActiveCfg = AppStore|iPhone
		{E7B9387C-AC21-4559-B737-C63F933905FD}.AppStore|iPhone.ActiveCfg = AppStore|iPhone
		{E7B9387C-AC21-4559-B737-C63F933905FD}.AppStore|iPhone.Build.0 = AppStore|iPhone
		{E7B9387C-AC21-4559-B737-C63F933905FD}.AppStore|iPhoneSimulator.ActiveCfg = AppStore|iPhone
		{E7B9387C-AC21-4559-B737-C63F933905FD}.AppStore|Mixed Platforms.ActiveCfg = AppStore|iPhoneSimulator
		{E7B9387C-AC21-4559-B737-C63F933905FD}.AppStore|Mixed Platforms.Build.0 = AppStore|iPhoneSimulator
		{E7B9387C-AC21-4559-B737-C63F933905FD}.AppStore|x64.ActiveCfg = AppStore|iPhone
		{E7B9387C-AC21-4559-B737-C63F933905FD}.AppStore|x86.ActiveCfg = AppStore|iPhone
		{E7B9387C-AC21-4559-B737-C63F933905FD}.Debug|Any CPU.ActiveCfg = Debug|iPhoneSimulator
		{E7B9387C-AC21-4559-B737-C63F933905FD}.Debug|Any CPU.Build.0 = Debug|iPhoneSimulator
		{E7B9387C-AC21-4559-B737-C63F933905FD}.Debug|ARM.ActiveCfg = Debug|iPhoneSimulator
		{E7B9387C-AC21-4559-B737-C63F933905FD}.Debug|ARM.Build.0 = Debug|iPhoneSimulator
		{E7B9387C-AC21-4559-B737-C63F933905FD}.Debug|iPhone.ActiveCfg = Debug|iPhone
		{E7B9387C-AC21-4559-B737-C63F933905FD}.Debug|iPhone.Build.0 = Debug|iPhone
		{E7B9387C-AC21-4559-B737-C63F933905FD}.Debug|iPhoneSimulator.ActiveCfg = Debug|iPhoneSimulator
		{E7B9387C-AC21-4559-B737-C63F933905FD}.Debug|iPhoneSimulator.Build.0 = Debug|iPhoneSimulator
		{E7B9387C-AC21-4559-B737-C63F933905FD}.Debug|Mixed Platforms.ActiveCfg = Debug|iPhone
		{E7B9387C-AC21-4559-B737-C63F933905FD}.Debug|Mixed Platforms.Build.0 = Debug|iPhone
		{E7B9387C-AC21-4559-B737-C63F933905FD}.Debug|x64.ActiveCfg = Debug|iPhoneSimulator
		{E7B9387C-AC21-4559-B737-C63F933905FD}.Debug|x64.Build.0 = Debug|iPhoneSimulator
		{E7B9387C-AC21-4559-B737-C63F933905FD}.Debug|x86.ActiveCfg = Debug|iPhoneSimulator
		{E7B9387C-AC21-4559-B737-C63F933905FD}.Debug|x86.Build.0 = Debug|iPhoneSimulator
		{E7B9387C-AC21-4559-B737-C63F933905FD}.DebugInternal|Any CPU.ActiveCfg = Debug|iPhone
		{E7B9387C-AC21-4559-B737-C63F933905FD}.DebugInternal|ARM.ActiveCfg = Debug|iPhone
		{E7B9387C-AC21-4559-B737-C63F933905FD}.DebugInternal|iPhone.ActiveCfg = Debug|iPhone
		{E7B9387C-AC21-4559-B737-C63F933905FD}.DebugInternal|iPhoneSimulator.ActiveCfg = Debug|iPhoneSimulator
		{E7B9387C-AC21-4559-B737-C63F933905FD}.DebugInternal|Mixed Platforms.ActiveCfg = Debug|iPhone
		{E7B9387C-AC21-4559-B737-C63F933905FD}.DebugInternal|x64.ActiveCfg = Debug|iPhone
		{E7B9387C-AC21-4559-B737-C63F933905FD}.DebugInternal|x86.ActiveCfg = Debug|iPhone
		{E7B9387C-AC21-4559-B737-C63F933905FD}.InternalDebug|Any CPU.ActiveCfg = Debug|iPhone
		{E7B9387C-AC21-4559-B737-C63F933905FD}.InternalDebug|ARM.ActiveCfg = Debug|iPhone
		{E7B9387C-AC21-4559-B737-C63F933905FD}.InternalDebug|iPhone.ActiveCfg = Debug|iPhone
		{E7B9387C-AC21-4559-B737-C63F933905FD}.InternalDebug|iPhoneSimulator.ActiveCfg = Debug|iPhoneSimulator
		{E7B9387C-AC21-4559-B737-C63F933905FD}.InternalDebug|Mixed Platforms.ActiveCfg = Debug|iPhone
		{E7B9387C-AC21-4559-B737-C63F933905FD}.InternalDebug|x64.ActiveCfg = Debug|iPhone
		{E7B9387C-AC21-4559-B737-C63F933905FD}.InternalDebug|x86.ActiveCfg = Debug|iPhone
		{E7B9387C-AC21-4559-B737-C63F933905FD}.InternalRelease|Any CPU.ActiveCfg = Release|iPhone
		{E7B9387C-AC21-4559-B737-C63F933905FD}.InternalRelease|ARM.ActiveCfg = Release|iPhone
		{E7B9387C-AC21-4559-B737-C63F933905FD}.InternalRelease|iPhone.ActiveCfg = Release|iPhone
		{E7B9387C-AC21-4559-B737-C63F933905FD}.InternalRelease|iPhoneSimulator.ActiveCfg = Release|iPhoneSimulator
		{E7B9387C-AC21-4559-B737-C63F933905FD}.InternalRelease|Mixed Platforms.ActiveCfg = Release|iPhone
		{E7B9387C-AC21-4559-B737-C63F933905FD}.InternalRelease|x64.ActiveCfg = Release|iPhone
		{E7B9387C-AC21-4559-B737-C63F933905FD}.InternalRelease|x86.ActiveCfg = Release|iPhone
		{E7B9387C-AC21-4559-B737-C63F933905FD}.Release|Any CPU.ActiveCfg = Release|iPhoneSimulator
		{E7B9387C-AC21-4559-B737-C63F933905FD}.Release|Any CPU.Build.0 = Release|iPhoneSimulator
		{E7B9387C-AC21-4559-B737-C63F933905FD}.Release|ARM.ActiveCfg = Release|iPhoneSimulator
		{E7B9387C-AC21-4559-B737-C63F933905FD}.Release|ARM.Build.0 = Release|iPhoneSimulator
		{E7B9387C-AC21-4559-B737-C63F933905FD}.Release|iPhone.ActiveCfg = Release|iPhone
		{E7B9387C-AC21-4559-B737-C63F933905FD}.Release|iPhone.Build.0 = Release|iPhone
		{E7B9387C-AC21-4559-B737-C63F933905FD}.Release|iPhoneSimulator.ActiveCfg = Release|iPhoneSimulator
		{E7B9387C-AC21-4559-B737-C63F933905FD}.Release|iPhoneSimulator.Build.0 = Release|iPhoneSimulator
		{E7B9387C-AC21-4559-B737-C63F933905FD}.Release|Mixed Platforms.ActiveCfg = Release|iPhone
		{E7B9387C-AC21-4559-B737-C63F933905FD}.Release|Mixed Platforms.Build.0 = Release|iPhone
		{E7B9387C-AC21-4559-B737-C63F933905FD}.Release|x64.ActiveCfg = Release|iPhoneSimulator
		{E7B9387C-AC21-4559-B737-C63F933905FD}.Release|x64.Build.0 = Release|iPhoneSimulator
		{E7B9387C-AC21-4559-B737-C63F933905FD}.Release|x86.ActiveCfg = Release|iPhoneSimulator
		{E7B9387C-AC21-4559-B737-C63F933905FD}.Release|x86.Build.0 = Release|iPhoneSimulator
		{9D4868DE-489F-475D-ACB0-F26BEED2288E}.Ad-Hoc|Any CPU.ActiveCfg = Release|Any CPU
		{9D4868DE-489F-475D-ACB0-F26BEED2288E}.Ad-Hoc|Any CPU.Build.0 = Release|Any CPU
		{9D4868DE-489F-475D-ACB0-F26BEED2288E}.Ad-Hoc|ARM.ActiveCfg = Release|Any CPU
		{9D4868DE-489F-475D-ACB0-F26BEED2288E}.Ad-Hoc|iPhone.ActiveCfg = Release|Any CPU
		{9D4868DE-489F-475D-ACB0-F26BEED2288E}.Ad-Hoc|iPhoneSimulator.ActiveCfg = Release|Any CPU
		{9D4868DE-489F-475D-ACB0-F26BEED2288E}.Ad-Hoc|Mixed Platforms.ActiveCfg = Release|Any CPU
		{9D4868DE-489F-475D-ACB0-F26BEED2288E}.Ad-Hoc|Mixed Platforms.Build.0 = Release|Any CPU
		{9D4868DE-489F-475D-ACB0-F26BEED2288E}.Ad-Hoc|x64.ActiveCfg = Release|Any CPU
		{9D4868DE-489F-475D-ACB0-F26BEED2288E}.Ad-Hoc|x86.ActiveCfg = Release|Any CPU
		{9D4868DE-489F-475D-ACB0-F26BEED2288E}.AppStore|Any CPU.ActiveCfg = Release|Any CPU
		{9D4868DE-489F-475D-ACB0-F26BEED2288E}.AppStore|Any CPU.Build.0 = Release|Any CPU
		{9D4868DE-489F-475D-ACB0-F26BEED2288E}.AppStore|ARM.ActiveCfg = Release|Any CPU
		{9D4868DE-489F-475D-ACB0-F26BEED2288E}.AppStore|iPhone.ActiveCfg = Release|Any CPU
		{9D4868DE-489F-475D-ACB0-F26BEED2288E}.AppStore|iPhoneSimulator.ActiveCfg = Release|Any CPU
		{9D4868DE-489F-475D-ACB0-F26BEED2288E}.AppStore|Mixed Platforms.ActiveCfg = Release|Any CPU
		{9D4868DE-489F-475D-ACB0-F26BEED2288E}.AppStore|Mixed Platforms.Build.0 = Release|Any CPU
		{9D4868DE-489F-475D-ACB0-F26BEED2288E}.AppStore|x64.ActiveCfg = Release|Any CPU
		{9D4868DE-489F-475D-ACB0-F26BEED2288E}.AppStore|x86.ActiveCfg = Release|Any CPU
		{9D4868DE-489F-475D-ACB0-F26BEED2288E}.Debug|Any CPU.ActiveCfg = Debug|Any CPU
		{9D4868DE-489F-475D-ACB0-F26BEED2288E}.Debug|Any CPU.Build.0 = Debug|Any CPU
		{9D4868DE-489F-475D-ACB0-F26BEED2288E}.Debug|ARM.ActiveCfg = Debug|Any CPU
		{9D4868DE-489F-475D-ACB0-F26BEED2288E}.Debug|iPhone.ActiveCfg = Debug|Any CPU
		{9D4868DE-489F-475D-ACB0-F26BEED2288E}.Debug|iPhoneSimulator.ActiveCfg = Debug|Any CPU
		{9D4868DE-489F-475D-ACB0-F26BEED2288E}.Debug|Mixed Platforms.ActiveCfg = Debug|Any CPU
		{9D4868DE-489F-475D-ACB0-F26BEED2288E}.Debug|Mixed Platforms.Build.0 = Debug|Any CPU
		{9D4868DE-489F-475D-ACB0-F26BEED2288E}.Debug|x64.ActiveCfg = Debug|Any CPU
		{9D4868DE-489F-475D-ACB0-F26BEED2288E}.Debug|x86.ActiveCfg = Debug|Any CPU
		{9D4868DE-489F-475D-ACB0-F26BEED2288E}.DebugInternal|Any CPU.ActiveCfg = Debug|Any CPU
		{9D4868DE-489F-475D-ACB0-F26BEED2288E}.DebugInternal|Any CPU.Build.0 = Debug|Any CPU
		{9D4868DE-489F-475D-ACB0-F26BEED2288E}.DebugInternal|ARM.ActiveCfg = Debug|Any CPU
		{9D4868DE-489F-475D-ACB0-F26BEED2288E}.DebugInternal|iPhone.ActiveCfg = Debug|Any CPU
		{9D4868DE-489F-475D-ACB0-F26BEED2288E}.DebugInternal|iPhoneSimulator.ActiveCfg = Debug|Any CPU
		{9D4868DE-489F-475D-ACB0-F26BEED2288E}.DebugInternal|Mixed Platforms.ActiveCfg = Debug|Any CPU
		{9D4868DE-489F-475D-ACB0-F26BEED2288E}.DebugInternal|Mixed Platforms.Build.0 = Debug|Any CPU
		{9D4868DE-489F-475D-ACB0-F26BEED2288E}.DebugInternal|x64.ActiveCfg = Debug|Any CPU
		{9D4868DE-489F-475D-ACB0-F26BEED2288E}.DebugInternal|x86.ActiveCfg = Debug|Any CPU
		{9D4868DE-489F-475D-ACB0-F26BEED2288E}.InternalDebug|Any CPU.ActiveCfg = Debug|Any CPU
		{9D4868DE-489F-475D-ACB0-F26BEED2288E}.InternalDebug|Any CPU.Build.0 = Debug|Any CPU
		{9D4868DE-489F-475D-ACB0-F26BEED2288E}.InternalDebug|ARM.ActiveCfg = Debug|Any CPU
		{9D4868DE-489F-475D-ACB0-F26BEED2288E}.InternalDebug|iPhone.ActiveCfg = Debug|Any CPU
		{9D4868DE-489F-475D-ACB0-F26BEED2288E}.InternalDebug|iPhoneSimulator.ActiveCfg = Debug|Any CPU
		{9D4868DE-489F-475D-ACB0-F26BEED2288E}.InternalDebug|Mixed Platforms.ActiveCfg = Debug|Any CPU
		{9D4868DE-489F-475D-ACB0-F26BEED2288E}.InternalDebug|Mixed Platforms.Build.0 = Debug|Any CPU
		{9D4868DE-489F-475D-ACB0-F26BEED2288E}.InternalDebug|x64.ActiveCfg = Debug|Any CPU
		{9D4868DE-489F-475D-ACB0-F26BEED2288E}.InternalDebug|x86.ActiveCfg = Debug|Any CPU
		{9D4868DE-489F-475D-ACB0-F26BEED2288E}.InternalRelease|Any CPU.ActiveCfg = Release|Any CPU
		{9D4868DE-489F-475D-ACB0-F26BEED2288E}.InternalRelease|Any CPU.Build.0 = Release|Any CPU
		{9D4868DE-489F-475D-ACB0-F26BEED2288E}.InternalRelease|ARM.ActiveCfg = Release|Any CPU
		{9D4868DE-489F-475D-ACB0-F26BEED2288E}.InternalRelease|iPhone.ActiveCfg = Release|Any CPU
		{9D4868DE-489F-475D-ACB0-F26BEED2288E}.InternalRelease|iPhoneSimulator.ActiveCfg = Release|Any CPU
		{9D4868DE-489F-475D-ACB0-F26BEED2288E}.InternalRelease|Mixed Platforms.ActiveCfg = Release|Any CPU
		{9D4868DE-489F-475D-ACB0-F26BEED2288E}.InternalRelease|Mixed Platforms.Build.0 = Release|Any CPU
		{9D4868DE-489F-475D-ACB0-F26BEED2288E}.InternalRelease|x64.ActiveCfg = Release|Any CPU
		{9D4868DE-489F-475D-ACB0-F26BEED2288E}.InternalRelease|x86.ActiveCfg = Release|Any CPU
		{9D4868DE-489F-475D-ACB0-F26BEED2288E}.Release|Any CPU.ActiveCfg = Release|Any CPU
		{9D4868DE-489F-475D-ACB0-F26BEED2288E}.Release|Any CPU.Build.0 = Release|Any CPU
		{9D4868DE-489F-475D-ACB0-F26BEED2288E}.Release|ARM.ActiveCfg = Release|Any CPU
		{9D4868DE-489F-475D-ACB0-F26BEED2288E}.Release|iPhone.ActiveCfg = Release|Any CPU
		{9D4868DE-489F-475D-ACB0-F26BEED2288E}.Release|iPhoneSimulator.ActiveCfg = Release|Any CPU
		{9D4868DE-489F-475D-ACB0-F26BEED2288E}.Release|Mixed Platforms.ActiveCfg = Release|Any CPU
		{9D4868DE-489F-475D-ACB0-F26BEED2288E}.Release|Mixed Platforms.Build.0 = Release|Any CPU
		{9D4868DE-489F-475D-ACB0-F26BEED2288E}.Release|x64.ActiveCfg = Release|Any CPU
		{9D4868DE-489F-475D-ACB0-F26BEED2288E}.Release|x86.ActiveCfg = Release|Any CPU
		{80C10026-4C78-42F0-BD99-E0DCBECCBDD3}.Ad-Hoc|Any CPU.ActiveCfg = Release|Any CPU
		{80C10026-4C78-42F0-BD99-E0DCBECCBDD3}.Ad-Hoc|Any CPU.Build.0 = Release|Any CPU
		{80C10026-4C78-42F0-BD99-E0DCBECCBDD3}.Ad-Hoc|ARM.ActiveCfg = Release|Any CPU
		{80C10026-4C78-42F0-BD99-E0DCBECCBDD3}.Ad-Hoc|iPhone.ActiveCfg = Release|Any CPU
		{80C10026-4C78-42F0-BD99-E0DCBECCBDD3}.Ad-Hoc|iPhoneSimulator.ActiveCfg = Release|Any CPU
		{80C10026-4C78-42F0-BD99-E0DCBECCBDD3}.Ad-Hoc|Mixed Platforms.ActiveCfg = Release|Any CPU
		{80C10026-4C78-42F0-BD99-E0DCBECCBDD3}.Ad-Hoc|Mixed Platforms.Build.0 = Release|Any CPU
		{80C10026-4C78-42F0-BD99-E0DCBECCBDD3}.Ad-Hoc|x64.ActiveCfg = Release|Any CPU
		{80C10026-4C78-42F0-BD99-E0DCBECCBDD3}.Ad-Hoc|x86.ActiveCfg = Release|Any CPU
		{80C10026-4C78-42F0-BD99-E0DCBECCBDD3}.AppStore|Any CPU.ActiveCfg = Release|Any CPU
		{80C10026-4C78-42F0-BD99-E0DCBECCBDD3}.AppStore|Any CPU.Build.0 = Release|Any CPU
		{80C10026-4C78-42F0-BD99-E0DCBECCBDD3}.AppStore|ARM.ActiveCfg = Release|Any CPU
		{80C10026-4C78-42F0-BD99-E0DCBECCBDD3}.AppStore|iPhone.ActiveCfg = Release|Any CPU
		{80C10026-4C78-42F0-BD99-E0DCBECCBDD3}.AppStore|iPhoneSimulator.ActiveCfg = Release|Any CPU
		{80C10026-4C78-42F0-BD99-E0DCBECCBDD3}.AppStore|Mixed Platforms.ActiveCfg = Release|Any CPU
		{80C10026-4C78-42F0-BD99-E0DCBECCBDD3}.AppStore|Mixed Platforms.Build.0 = Release|Any CPU
		{80C10026-4C78-42F0-BD99-E0DCBECCBDD3}.AppStore|x64.ActiveCfg = Release|Any CPU
		{80C10026-4C78-42F0-BD99-E0DCBECCBDD3}.AppStore|x86.ActiveCfg = Release|Any CPU
		{80C10026-4C78-42F0-BD99-E0DCBECCBDD3}.Debug|Any CPU.ActiveCfg = Debug|Any CPU
		{80C10026-4C78-42F0-BD99-E0DCBECCBDD3}.Debug|Any CPU.Build.0 = Debug|Any CPU
		{80C10026-4C78-42F0-BD99-E0DCBECCBDD3}.Debug|ARM.ActiveCfg = Debug|Any CPU
		{80C10026-4C78-42F0-BD99-E0DCBECCBDD3}.Debug|iPhone.ActiveCfg = Debug|Any CPU
		{80C10026-4C78-42F0-BD99-E0DCBECCBDD3}.Debug|iPhoneSimulator.ActiveCfg = Debug|Any CPU
		{80C10026-4C78-42F0-BD99-E0DCBECCBDD3}.Debug|Mixed Platforms.ActiveCfg = Debug|Any CPU
		{80C10026-4C78-42F0-BD99-E0DCBECCBDD3}.Debug|Mixed Platforms.Build.0 = Debug|Any CPU
		{80C10026-4C78-42F0-BD99-E0DCBECCBDD3}.Debug|x64.ActiveCfg = Debug|Any CPU
		{80C10026-4C78-42F0-BD99-E0DCBECCBDD3}.Debug|x86.ActiveCfg = Debug|Any CPU
		{80C10026-4C78-42F0-BD99-E0DCBECCBDD3}.DebugInternal|Any CPU.ActiveCfg = Debug|Any CPU
		{80C10026-4C78-42F0-BD99-E0DCBECCBDD3}.DebugInternal|Any CPU.Build.0 = Debug|Any CPU
		{80C10026-4C78-42F0-BD99-E0DCBECCBDD3}.DebugInternal|ARM.ActiveCfg = Debug|Any CPU
		{80C10026-4C78-42F0-BD99-E0DCBECCBDD3}.DebugInternal|iPhone.ActiveCfg = Debug|Any CPU
		{80C10026-4C78-42F0-BD99-E0DCBECCBDD3}.DebugInternal|iPhoneSimulator.ActiveCfg = Debug|Any CPU
		{80C10026-4C78-42F0-BD99-E0DCBECCBDD3}.DebugInternal|Mixed Platforms.ActiveCfg = Debug|Any CPU
		{80C10026-4C78-42F0-BD99-E0DCBECCBDD3}.DebugInternal|Mixed Platforms.Build.0 = Debug|Any CPU
		{80C10026-4C78-42F0-BD99-E0DCBECCBDD3}.DebugInternal|x64.ActiveCfg = Debug|Any CPU
		{80C10026-4C78-42F0-BD99-E0DCBECCBDD3}.DebugInternal|x86.ActiveCfg = Debug|Any CPU
		{80C10026-4C78-42F0-BD99-E0DCBECCBDD3}.InternalDebug|Any CPU.ActiveCfg = Debug|Any CPU
		{80C10026-4C78-42F0-BD99-E0DCBECCBDD3}.InternalDebug|Any CPU.Build.0 = Debug|Any CPU
		{80C10026-4C78-42F0-BD99-E0DCBECCBDD3}.InternalDebug|ARM.ActiveCfg = Debug|Any CPU
		{80C10026-4C78-42F0-BD99-E0DCBECCBDD3}.InternalDebug|iPhone.ActiveCfg = Debug|Any CPU
		{80C10026-4C78-42F0-BD99-E0DCBECCBDD3}.InternalDebug|iPhoneSimulator.ActiveCfg = Debug|Any CPU
		{80C10026-4C78-42F0-BD99-E0DCBECCBDD3}.InternalDebug|Mixed Platforms.ActiveCfg = Debug|Any CPU
		{80C10026-4C78-42F0-BD99-E0DCBECCBDD3}.InternalDebug|Mixed Platforms.Build.0 = Debug|Any CPU
		{80C10026-4C78-42F0-BD99-E0DCBECCBDD3}.InternalDebug|x64.ActiveCfg = Debug|Any CPU
		{80C10026-4C78-42F0-BD99-E0DCBECCBDD3}.InternalDebug|x86.ActiveCfg = Debug|Any CPU
		{80C10026-4C78-42F0-BD99-E0DCBECCBDD3}.InternalRelease|Any CPU.ActiveCfg = Release|Any CPU
		{80C10026-4C78-42F0-BD99-E0DCBECCBDD3}.InternalRelease|Any CPU.Build.0 = Release|Any CPU
		{80C10026-4C78-42F0-BD99-E0DCBECCBDD3}.InternalRelease|ARM.ActiveCfg = Release|Any CPU
		{80C10026-4C78-42F0-BD99-E0DCBECCBDD3}.InternalRelease|iPhone.ActiveCfg = Release|Any CPU
		{80C10026-4C78-42F0-BD99-E0DCBECCBDD3}.InternalRelease|iPhoneSimulator.ActiveCfg = Release|Any CPU
		{80C10026-4C78-42F0-BD99-E0DCBECCBDD3}.InternalRelease|Mixed Platforms.ActiveCfg = Release|Any CPU
		{80C10026-4C78-42F0-BD99-E0DCBECCBDD3}.InternalRelease|Mixed Platforms.Build.0 = Release|Any CPU
		{80C10026-4C78-42F0-BD99-E0DCBECCBDD3}.InternalRelease|x64.ActiveCfg = Release|Any CPU
		{80C10026-4C78-42F0-BD99-E0DCBECCBDD3}.InternalRelease|x86.ActiveCfg = Release|Any CPU
		{80C10026-4C78-42F0-BD99-E0DCBECCBDD3}.Release|Any CPU.ActiveCfg = Release|Any CPU
		{80C10026-4C78-42F0-BD99-E0DCBECCBDD3}.Release|Any CPU.Build.0 = Release|Any CPU
		{80C10026-4C78-42F0-BD99-E0DCBECCBDD3}.Release|ARM.ActiveCfg = Release|Any CPU
		{80C10026-4C78-42F0-BD99-E0DCBECCBDD3}.Release|iPhone.ActiveCfg = Release|Any CPU
		{80C10026-4C78-42F0-BD99-E0DCBECCBDD3}.Release|iPhone.Build.0 = Release|Any CPU
		{80C10026-4C78-42F0-BD99-E0DCBECCBDD3}.Release|iPhoneSimulator.ActiveCfg = Release|Any CPU
		{80C10026-4C78-42F0-BD99-E0DCBECCBDD3}.Release|Mixed Platforms.ActiveCfg = Release|Any CPU
		{80C10026-4C78-42F0-BD99-E0DCBECCBDD3}.Release|Mixed Platforms.Build.0 = Release|Any CPU
		{80C10026-4C78-42F0-BD99-E0DCBECCBDD3}.Release|x64.ActiveCfg = Release|Any CPU
		{80C10026-4C78-42F0-BD99-E0DCBECCBDD3}.Release|x86.ActiveCfg = Release|Any CPU
		{E10CDE69-820C-4C8E-B2F9-28E289657041}.Ad-Hoc|Any CPU.ActiveCfg = Release|Any CPU
		{E10CDE69-820C-4C8E-B2F9-28E289657041}.Ad-Hoc|Any CPU.Build.0 = Release|Any CPU
		{E10CDE69-820C-4C8E-B2F9-28E289657041}.Ad-Hoc|Any CPU.Deploy.0 = Release|Any CPU
		{E10CDE69-820C-4C8E-B2F9-28E289657041}.Ad-Hoc|ARM.ActiveCfg = Release|Any CPU
		{E10CDE69-820C-4C8E-B2F9-28E289657041}.Ad-Hoc|ARM.Build.0 = Release|Any CPU
		{E10CDE69-820C-4C8E-B2F9-28E289657041}.Ad-Hoc|ARM.Deploy.0 = Release|Any CPU
		{E10CDE69-820C-4C8E-B2F9-28E289657041}.Ad-Hoc|iPhone.ActiveCfg = Release|Any CPU
		{E10CDE69-820C-4C8E-B2F9-28E289657041}.Ad-Hoc|iPhone.Build.0 = Release|Any CPU
		{E10CDE69-820C-4C8E-B2F9-28E289657041}.Ad-Hoc|iPhone.Deploy.0 = Release|Any CPU
		{E10CDE69-820C-4C8E-B2F9-28E289657041}.Ad-Hoc|iPhoneSimulator.ActiveCfg = Release|Any CPU
		{E10CDE69-820C-4C8E-B2F9-28E289657041}.Ad-Hoc|iPhoneSimulator.Build.0 = Release|Any CPU
		{E10CDE69-820C-4C8E-B2F9-28E289657041}.Ad-Hoc|iPhoneSimulator.Deploy.0 = Release|Any CPU
		{E10CDE69-820C-4C8E-B2F9-28E289657041}.Ad-Hoc|Mixed Platforms.ActiveCfg = Release|Any CPU
		{E10CDE69-820C-4C8E-B2F9-28E289657041}.Ad-Hoc|Mixed Platforms.Build.0 = Release|Any CPU
		{E10CDE69-820C-4C8E-B2F9-28E289657041}.Ad-Hoc|Mixed Platforms.Deploy.0 = Release|Any CPU
		{E10CDE69-820C-4C8E-B2F9-28E289657041}.Ad-Hoc|x64.ActiveCfg = Release|Any CPU
		{E10CDE69-820C-4C8E-B2F9-28E289657041}.Ad-Hoc|x64.Build.0 = Release|Any CPU
		{E10CDE69-820C-4C8E-B2F9-28E289657041}.Ad-Hoc|x64.Deploy.0 = Release|Any CPU
		{E10CDE69-820C-4C8E-B2F9-28E289657041}.Ad-Hoc|x86.ActiveCfg = Release|Any CPU
		{E10CDE69-820C-4C8E-B2F9-28E289657041}.Ad-Hoc|x86.Build.0 = Release|Any CPU
		{E10CDE69-820C-4C8E-B2F9-28E289657041}.Ad-Hoc|x86.Deploy.0 = Release|Any CPU
		{E10CDE69-820C-4C8E-B2F9-28E289657041}.AppStore|Any CPU.ActiveCfg = Release|Any CPU
		{E10CDE69-820C-4C8E-B2F9-28E289657041}.AppStore|Any CPU.Build.0 = Release|Any CPU
		{E10CDE69-820C-4C8E-B2F9-28E289657041}.AppStore|Any CPU.Deploy.0 = Release|Any CPU
		{E10CDE69-820C-4C8E-B2F9-28E289657041}.AppStore|ARM.ActiveCfg = Release|Any CPU
		{E10CDE69-820C-4C8E-B2F9-28E289657041}.AppStore|ARM.Build.0 = Release|Any CPU
		{E10CDE69-820C-4C8E-B2F9-28E289657041}.AppStore|ARM.Deploy.0 = Release|Any CPU
		{E10CDE69-820C-4C8E-B2F9-28E289657041}.AppStore|iPhone.ActiveCfg = Release|Any CPU
		{E10CDE69-820C-4C8E-B2F9-28E289657041}.AppStore|iPhone.Build.0 = Release|Any CPU
		{E10CDE69-820C-4C8E-B2F9-28E289657041}.AppStore|iPhone.Deploy.0 = Release|Any CPU
		{E10CDE69-820C-4C8E-B2F9-28E289657041}.AppStore|iPhoneSimulator.ActiveCfg = Release|Any CPU
		{E10CDE69-820C-4C8E-B2F9-28E289657041}.AppStore|iPhoneSimulator.Build.0 = Release|Any CPU
		{E10CDE69-820C-4C8E-B2F9-28E289657041}.AppStore|iPhoneSimulator.Deploy.0 = Release|Any CPU
		{E10CDE69-820C-4C8E-B2F9-28E289657041}.AppStore|Mixed Platforms.ActiveCfg = Release|Any CPU
		{E10CDE69-820C-4C8E-B2F9-28E289657041}.AppStore|Mixed Platforms.Build.0 = Release|Any CPU
		{E10CDE69-820C-4C8E-B2F9-28E289657041}.AppStore|Mixed Platforms.Deploy.0 = Release|Any CPU
		{E10CDE69-820C-4C8E-B2F9-28E289657041}.AppStore|x64.ActiveCfg = Release|Any CPU
		{E10CDE69-820C-4C8E-B2F9-28E289657041}.AppStore|x64.Build.0 = Release|Any CPU
		{E10CDE69-820C-4C8E-B2F9-28E289657041}.AppStore|x64.Deploy.0 = Release|Any CPU
		{E10CDE69-820C-4C8E-B2F9-28E289657041}.AppStore|x86.ActiveCfg = Release|Any CPU
		{E10CDE69-820C-4C8E-B2F9-28E289657041}.AppStore|x86.Build.0 = Release|Any CPU
		{E10CDE69-820C-4C8E-B2F9-28E289657041}.AppStore|x86.Deploy.0 = Release|Any CPU
		{E10CDE69-820C-4C8E-B2F9-28E289657041}.Debug|Any CPU.ActiveCfg = Debug|Any CPU
		{E10CDE69-820C-4C8E-B2F9-28E289657041}.Debug|Any CPU.Build.0 = Debug|Any CPU
		{E10CDE69-820C-4C8E-B2F9-28E289657041}.Debug|Any CPU.Deploy.0 = Debug|Any CPU
		{E10CDE69-820C-4C8E-B2F9-28E289657041}.Debug|ARM.ActiveCfg = Debug|Any CPU
		{E10CDE69-820C-4C8E-B2F9-28E289657041}.Debug|ARM.Build.0 = Debug|Any CPU
		{E10CDE69-820C-4C8E-B2F9-28E289657041}.Debug|ARM.Deploy.0 = Debug|Any CPU
		{E10CDE69-820C-4C8E-B2F9-28E289657041}.Debug|iPhone.ActiveCfg = Debug|Any CPU
		{E10CDE69-820C-4C8E-B2F9-28E289657041}.Debug|iPhone.Build.0 = Debug|Any CPU
		{E10CDE69-820C-4C8E-B2F9-28E289657041}.Debug|iPhone.Deploy.0 = Debug|Any CPU
		{E10CDE69-820C-4C8E-B2F9-28E289657041}.Debug|iPhoneSimulator.ActiveCfg = Debug|Any CPU
		{E10CDE69-820C-4C8E-B2F9-28E289657041}.Debug|iPhoneSimulator.Build.0 = Debug|Any CPU
		{E10CDE69-820C-4C8E-B2F9-28E289657041}.Debug|iPhoneSimulator.Deploy.0 = Debug|Any CPU
		{E10CDE69-820C-4C8E-B2F9-28E289657041}.Debug|Mixed Platforms.ActiveCfg = Debug|Any CPU
		{E10CDE69-820C-4C8E-B2F9-28E289657041}.Debug|Mixed Platforms.Build.0 = Debug|Any CPU
		{E10CDE69-820C-4C8E-B2F9-28E289657041}.Debug|Mixed Platforms.Deploy.0 = Debug|Any CPU
		{E10CDE69-820C-4C8E-B2F9-28E289657041}.Debug|x64.ActiveCfg = Debug|Any CPU
		{E10CDE69-820C-4C8E-B2F9-28E289657041}.Debug|x64.Build.0 = Debug|Any CPU
		{E10CDE69-820C-4C8E-B2F9-28E289657041}.Debug|x64.Deploy.0 = Debug|Any CPU
		{E10CDE69-820C-4C8E-B2F9-28E289657041}.Debug|x86.ActiveCfg = Debug|Any CPU
		{E10CDE69-820C-4C8E-B2F9-28E289657041}.Debug|x86.Build.0 = Debug|Any CPU
		{E10CDE69-820C-4C8E-B2F9-28E289657041}.Debug|x86.Deploy.0 = Debug|Any CPU
		{E10CDE69-820C-4C8E-B2F9-28E289657041}.DebugInternal|Any CPU.ActiveCfg = Debug|Any CPU
		{E10CDE69-820C-4C8E-B2F9-28E289657041}.DebugInternal|Any CPU.Build.0 = Debug|Any CPU
		{E10CDE69-820C-4C8E-B2F9-28E289657041}.DebugInternal|Any CPU.Deploy.0 = Debug|Any CPU
		{E10CDE69-820C-4C8E-B2F9-28E289657041}.DebugInternal|ARM.ActiveCfg = Debug|Any CPU
		{E10CDE69-820C-4C8E-B2F9-28E289657041}.DebugInternal|ARM.Build.0 = Debug|Any CPU
		{E10CDE69-820C-4C8E-B2F9-28E289657041}.DebugInternal|ARM.Deploy.0 = Debug|Any CPU
		{E10CDE69-820C-4C8E-B2F9-28E289657041}.DebugInternal|iPhone.ActiveCfg = Debug|Any CPU
		{E10CDE69-820C-4C8E-B2F9-28E289657041}.DebugInternal|iPhone.Build.0 = Debug|Any CPU
		{E10CDE69-820C-4C8E-B2F9-28E289657041}.DebugInternal|iPhone.Deploy.0 = Debug|Any CPU
		{E10CDE69-820C-4C8E-B2F9-28E289657041}.DebugInternal|iPhoneSimulator.ActiveCfg = Debug|Any CPU
		{E10CDE69-820C-4C8E-B2F9-28E289657041}.DebugInternal|iPhoneSimulator.Build.0 = Debug|Any CPU
		{E10CDE69-820C-4C8E-B2F9-28E289657041}.DebugInternal|iPhoneSimulator.Deploy.0 = Debug|Any CPU
		{E10CDE69-820C-4C8E-B2F9-28E289657041}.DebugInternal|Mixed Platforms.ActiveCfg = Debug|Any CPU
		{E10CDE69-820C-4C8E-B2F9-28E289657041}.DebugInternal|Mixed Platforms.Build.0 = Debug|Any CPU
		{E10CDE69-820C-4C8E-B2F9-28E289657041}.DebugInternal|Mixed Platforms.Deploy.0 = Debug|Any CPU
		{E10CDE69-820C-4C8E-B2F9-28E289657041}.DebugInternal|x64.ActiveCfg = Debug|Any CPU
		{E10CDE69-820C-4C8E-B2F9-28E289657041}.DebugInternal|x64.Build.0 = Debug|Any CPU
		{E10CDE69-820C-4C8E-B2F9-28E289657041}.DebugInternal|x64.Deploy.0 = Debug|Any CPU
		{E10CDE69-820C-4C8E-B2F9-28E289657041}.DebugInternal|x86.ActiveCfg = Debug|Any CPU
		{E10CDE69-820C-4C8E-B2F9-28E289657041}.DebugInternal|x86.Build.0 = Debug|Any CPU
		{E10CDE69-820C-4C8E-B2F9-28E289657041}.DebugInternal|x86.Deploy.0 = Debug|Any CPU
		{E10CDE69-820C-4C8E-B2F9-28E289657041}.InternalDebug|Any CPU.ActiveCfg = Debug|Any CPU
		{E10CDE69-820C-4C8E-B2F9-28E289657041}.InternalDebug|Any CPU.Build.0 = Debug|Any CPU
		{E10CDE69-820C-4C8E-B2F9-28E289657041}.InternalDebug|Any CPU.Deploy.0 = Debug|Any CPU
		{E10CDE69-820C-4C8E-B2F9-28E289657041}.InternalDebug|ARM.ActiveCfg = Debug|Any CPU
		{E10CDE69-820C-4C8E-B2F9-28E289657041}.InternalDebug|ARM.Build.0 = Debug|Any CPU
		{E10CDE69-820C-4C8E-B2F9-28E289657041}.InternalDebug|ARM.Deploy.0 = Debug|Any CPU
		{E10CDE69-820C-4C8E-B2F9-28E289657041}.InternalDebug|iPhone.ActiveCfg = Debug|Any CPU
		{E10CDE69-820C-4C8E-B2F9-28E289657041}.InternalDebug|iPhone.Build.0 = Debug|Any CPU
		{E10CDE69-820C-4C8E-B2F9-28E289657041}.InternalDebug|iPhone.Deploy.0 = Debug|Any CPU
		{E10CDE69-820C-4C8E-B2F9-28E289657041}.InternalDebug|iPhoneSimulator.ActiveCfg = Debug|Any CPU
		{E10CDE69-820C-4C8E-B2F9-28E289657041}.InternalDebug|iPhoneSimulator.Build.0 = Debug|Any CPU
		{E10CDE69-820C-4C8E-B2F9-28E289657041}.InternalDebug|iPhoneSimulator.Deploy.0 = Debug|Any CPU
		{E10CDE69-820C-4C8E-B2F9-28E289657041}.InternalDebug|Mixed Platforms.ActiveCfg = Debug|Any CPU
		{E10CDE69-820C-4C8E-B2F9-28E289657041}.InternalDebug|Mixed Platforms.Build.0 = Debug|Any CPU
		{E10CDE69-820C-4C8E-B2F9-28E289657041}.InternalDebug|Mixed Platforms.Deploy.0 = Debug|Any CPU
		{E10CDE69-820C-4C8E-B2F9-28E289657041}.InternalDebug|x64.ActiveCfg = Debug|Any CPU
		{E10CDE69-820C-4C8E-B2F9-28E289657041}.InternalDebug|x64.Build.0 = Debug|Any CPU
		{E10CDE69-820C-4C8E-B2F9-28E289657041}.InternalDebug|x64.Deploy.0 = Debug|Any CPU
		{E10CDE69-820C-4C8E-B2F9-28E289657041}.InternalDebug|x86.ActiveCfg = Debug|Any CPU
		{E10CDE69-820C-4C8E-B2F9-28E289657041}.InternalDebug|x86.Build.0 = Debug|Any CPU
		{E10CDE69-820C-4C8E-B2F9-28E289657041}.InternalDebug|x86.Deploy.0 = Debug|Any CPU
		{E10CDE69-820C-4C8E-B2F9-28E289657041}.InternalRelease|Any CPU.ActiveCfg = Release|Any CPU
		{E10CDE69-820C-4C8E-B2F9-28E289657041}.InternalRelease|Any CPU.Build.0 = Release|Any CPU
		{E10CDE69-820C-4C8E-B2F9-28E289657041}.InternalRelease|Any CPU.Deploy.0 = Release|Any CPU
		{E10CDE69-820C-4C8E-B2F9-28E289657041}.InternalRelease|ARM.ActiveCfg = Release|Any CPU
		{E10CDE69-820C-4C8E-B2F9-28E289657041}.InternalRelease|ARM.Build.0 = Release|Any CPU
		{E10CDE69-820C-4C8E-B2F9-28E289657041}.InternalRelease|ARM.Deploy.0 = Release|Any CPU
		{E10CDE69-820C-4C8E-B2F9-28E289657041}.InternalRelease|iPhone.ActiveCfg = Release|Any CPU
		{E10CDE69-820C-4C8E-B2F9-28E289657041}.InternalRelease|iPhone.Build.0 = Release|Any CPU
		{E10CDE69-820C-4C8E-B2F9-28E289657041}.InternalRelease|iPhone.Deploy.0 = Release|Any CPU
		{E10CDE69-820C-4C8E-B2F9-28E289657041}.InternalRelease|iPhoneSimulator.ActiveCfg = Release|Any CPU
		{E10CDE69-820C-4C8E-B2F9-28E289657041}.InternalRelease|iPhoneSimulator.Build.0 = Release|Any CPU
		{E10CDE69-820C-4C8E-B2F9-28E289657041}.InternalRelease|iPhoneSimulator.Deploy.0 = Release|Any CPU
		{E10CDE69-820C-4C8E-B2F9-28E289657041}.InternalRelease|Mixed Platforms.ActiveCfg = Release|Any CPU
		{E10CDE69-820C-4C8E-B2F9-28E289657041}.InternalRelease|Mixed Platforms.Build.0 = Release|Any CPU
		{E10CDE69-820C-4C8E-B2F9-28E289657041}.InternalRelease|Mixed Platforms.Deploy.0 = Release|Any CPU
		{E10CDE69-820C-4C8E-B2F9-28E289657041}.InternalRelease|x64.ActiveCfg = Release|Any CPU
		{E10CDE69-820C-4C8E-B2F9-28E289657041}.InternalRelease|x64.Build.0 = Release|Any CPU
		{E10CDE69-820C-4C8E-B2F9-28E289657041}.InternalRelease|x64.Deploy.0 = Release|Any CPU
		{E10CDE69-820C-4C8E-B2F9-28E289657041}.InternalRelease|x86.ActiveCfg = Release|Any CPU
		{E10CDE69-820C-4C8E-B2F9-28E289657041}.InternalRelease|x86.Build.0 = Release|Any CPU
		{E10CDE69-820C-4C8E-B2F9-28E289657041}.InternalRelease|x86.Deploy.0 = Release|Any CPU
		{E10CDE69-820C-4C8E-B2F9-28E289657041}.Release|Any CPU.ActiveCfg = Release|Any CPU
		{E10CDE69-820C-4C8E-B2F9-28E289657041}.Release|Any CPU.Build.0 = Release|Any CPU
		{E10CDE69-820C-4C8E-B2F9-28E289657041}.Release|Any CPU.Deploy.0 = Release|Any CPU
		{E10CDE69-820C-4C8E-B2F9-28E289657041}.Release|ARM.ActiveCfg = Release|Any CPU
		{E10CDE69-820C-4C8E-B2F9-28E289657041}.Release|ARM.Build.0 = Release|Any CPU
		{E10CDE69-820C-4C8E-B2F9-28E289657041}.Release|ARM.Deploy.0 = Release|Any CPU
		{E10CDE69-820C-4C8E-B2F9-28E289657041}.Release|iPhone.ActiveCfg = Release|Any CPU
		{E10CDE69-820C-4C8E-B2F9-28E289657041}.Release|iPhone.Build.0 = Release|Any CPU
		{E10CDE69-820C-4C8E-B2F9-28E289657041}.Release|iPhone.Deploy.0 = Release|Any CPU
		{E10CDE69-820C-4C8E-B2F9-28E289657041}.Release|iPhoneSimulator.ActiveCfg = Release|Any CPU
		{E10CDE69-820C-4C8E-B2F9-28E289657041}.Release|iPhoneSimulator.Build.0 = Release|Any CPU
		{E10CDE69-820C-4C8E-B2F9-28E289657041}.Release|iPhoneSimulator.Deploy.0 = Release|Any CPU
		{E10CDE69-820C-4C8E-B2F9-28E289657041}.Release|Mixed Platforms.ActiveCfg = Release|Any CPU
		{E10CDE69-820C-4C8E-B2F9-28E289657041}.Release|Mixed Platforms.Build.0 = Release|Any CPU
		{E10CDE69-820C-4C8E-B2F9-28E289657041}.Release|Mixed Platforms.Deploy.0 = Release|Any CPU
		{E10CDE69-820C-4C8E-B2F9-28E289657041}.Release|x64.ActiveCfg = Release|Any CPU
		{E10CDE69-820C-4C8E-B2F9-28E289657041}.Release|x64.Build.0 = Release|Any CPU
		{E10CDE69-820C-4C8E-B2F9-28E289657041}.Release|x64.Deploy.0 = Release|Any CPU
		{E10CDE69-820C-4C8E-B2F9-28E289657041}.Release|x86.ActiveCfg = Release|Any CPU
		{E10CDE69-820C-4C8E-B2F9-28E289657041}.Release|x86.Build.0 = Release|Any CPU
		{E10CDE69-820C-4C8E-B2F9-28E289657041}.Release|x86.Deploy.0 = Release|Any CPU
	EndGlobalSection
	GlobalSection(SolutionProperties) = preSolution
		HideSolutionNode = FALSE
	EndGlobalSection
EndGlobal
